{
  "originHash" : "19df39f99b22f4ef95b73ed292ffb0c8d7694dd4c9db2b96ea73b091b7b1a026",
  "pins" : [
    {
      "identity" : "sfsafesymbols",
      "kind" : "remoteSourceControl",
      "location" : "https://github.com/SFSafeSymbols/SFSafeSymbols.git",
      "state" : {
        "revision" : "e01b3d4f861412f8dcee8d93c417d2c2b0cdfd77",
        "version" : "7.0.0"
      }
    },
    {
      "identity" : "sfsymbolspicker",
      "kind" : "remoteSourceControl",
      "location" : "https://github.com/alessiorubicini/SFSymbolsPicker",
      "state" : {
        "revision" : "d3a6936db5fedbb48a037b556d52a215071af48e",
        "version" : "1.0.9"
      }
    }
  ],
  "version" : 3
}
